// !$*UTF8*$!
{
	archiveVersion = 1;
	classes = {
	};
	objectVersion = 51;
	objects = {

/* Begin PBXBuildFile section */
		8259E12D234E96240055EE0D /* BatteryInfo.swift in Sources */ = {isa = PBXBuildFile; fileRef = 8259E12C234E96240055EE0D /* BatteryInfo.swift */; };
		82B2EB3F234CB9F20056B61C /* AppDelegate.swift in Sources */ = {isa = PBXBuildFile; fileRef = 82B2EB3E234CB9F20056B61C /* AppDelegate.swift */; };
		82B2EB41234CB9F20056B61C /* SceneDelegate.swift in Sources */ = {isa = PBXBuildFile; fileRef = 82B2EB40234CB9F20056B61C /* SceneDelegate.swift */; };
		82B2EB43234CB9F20056B61C /* ViewController.swift in Sources */ = {isa = PBXBuildFile; fileRef = 82B2EB42234CB9F20056B61C /* ViewController.swift */; };
		82B2EB46234CB9F20056B61C /* Main.storyboard in Resources */ = {isa = PBXBuildFile; fileRef = 82B2EB44234CB9F20056B61C /* Main.storyboard */; };
		82B2EB48234CB9F30056B61C /* Assets.xcassets in Resources */ = {isa = PBXBuildFile; fileRef = 82B2EB47234CB9F30056B61C /* Assets.xcassets */; };
		82B2EB4B234CB9F30056B61C /* LaunchScreen.storyboard in Resources */ = {isa = PBXBuildFile; fileRef = 82B2EB49234CB9F30056B61C /* LaunchScreen.storyboard */; };
		82B2EB56234CB9F40056B61C /* ServiceTestTests.swift in Sources */ = {isa = PBXBuildFile; fileRef = 82B2EB55234CB9F40056B61C /* ServiceTestTests.swift */; };
		82B2EB61234CB9F40056B61C /* ServiceTestUITests.swift in Sources */ = {isa = PBXBuildFile; fileRef = 82B2EB60234CB9F40056B61C /* ServiceTestUITests.swift */; };
		82B2EB6F234CBDCF0056B61C /* LoginController.swift in Sources */ = {isa = PBXBuildFile; fileRef = 82B2EB6E234CBDCF0056B61C /* LoginController.swift */; };
		82B2EB73234CDC1F0056B61C /* UsersDatabase.swift in Sources */ = {isa = PBXBuildFile; fileRef = 82B2EB72234CDC1F0056B61C /* UsersDatabase.swift */; };
		82B2EB75234CDF340056B61C /* UserItem.swift in Sources */ = {isa = PBXBuildFile; fileRef = 82B2EB74234CDF340056B61C /* UserItem.swift */; };
		82B2EB77234CF2810056B61C /* ListTableViewController.swift in Sources */ = {isa = PBXBuildFile; fileRef = 82B2EB76234CF2810056B61C /* ListTableViewController.swift */; };
		82B2EB79234CF7350056B61C /* DetailViewController.swift in Sources */ = {isa = PBXBuildFile; fileRef = 82B2EB78234CF7350056B61C /* DetailViewController.swift */; };
		82CE71B1234E4D1500FB43F8 /* GoogleService-Info.plist in Resources */ = {isa = PBXBuildFile; fileRef = 82CE71B0234E4D1500FB43F8 /* GoogleService-Info.plist */; };
		9ABCDB453B92E5959432E272 /* Pods_ServiceTestTests.framework in Frameworks */ = {isa = PBXBuildFile; fileRef = 5468FDFCB9D6B7E5ECBBA63D /* Pods_ServiceTestTests.framework */; };
		B28593C0E1E7F332AD4CA123 /* Pods_ServiceTest.framework in Frameworks */ = {isa = PBXBuildFile; fileRef = D16AB0D02DB868D5ABF991E8 /* Pods_ServiceTest.framework */; };
		C2989A4B2CF25FE1CCAD1780 /* Pods_ServiceTest_ServiceTestUITests.framework in Frameworks */ = {isa = PBXBuildFile; fileRef = DD9F8A48DE7D20A60A30A4FB /* Pods_ServiceTest_ServiceTestUITests.framework */; };
/* End PBXBuildFile section */

/* Begin PBXContainerItemProxy section */
		82B2EB52234CB9F40056B61C /* PBXContainerItemProxy */ = {
			isa = PBXContainerItemProxy;
			containerPortal = 82B2EB33234CB9F20056B61C /* Project object */;
			proxyType = 1;
			remoteGlobalIDString = 82B2EB3A234CB9F20056B61C;
			remoteInfo = ServiceTest;
		};
		82B2EB5D234CB9F40056B61C /* PBXContainerItemProxy */ = {
			isa = PBXContainerItemProxy;
			containerPortal = 82B2EB33234CB9F20056B61C /* Project object */;
			proxyType = 1;
			remoteGlobalIDString = 82B2EB3A234CB9F20056B61C;
			remoteInfo = ServiceTest;
		};
/* End PBXContainerItemProxy section */

/* Begin PBXFileReference section */
		39ED10DB72BA77D7159D59A5 /* Pods-ServiceTest.debug.xcconfig */ = {isa = PBXFileReference; includeInIndex = 1; lastKnownFileType = text.xcconfig; name = "Pods-ServiceTest.debug.xcconfig"; path = "Target Support Files/Pods-ServiceTest/Pods-ServiceTest.debug.xcconfig"; sourceTree = "<group>"; };
		473D45E6B52506CE2A36FCDF /* Pods-ServiceTest-ServiceTestUITests.release.xcconfig */ = {isa = PBXFileReference; includeInIndex = 1; lastKnownFileType = text.xcconfig; name = "Pods-ServiceTest-ServiceTestUITests.release.xcconfig"; path = "Target Support Files/Pods-ServiceTest-ServiceTestUITests/Pods-ServiceTest-ServiceTestUITests.release.xcconfig"; sourceTree = "<group>"; };
		47D0016947E34C011F4E3B0F /* Pods-ServiceTest.release.xcconfig */ = {isa = PBXFileReference; includeInIndex = 1; lastKnownFileType = text.xcconfig; name = "Pods-ServiceTest.release.xcconfig"; path = "Target Support Files/Pods-ServiceTest/Pods-ServiceTest.release.xcconfig"; sourceTree = "<group>"; };
		5468FDFCB9D6B7E5ECBBA63D /* Pods_ServiceTestTests.framework */ = {isa = PBXFileReference; explicitFileType = wrapper.framework; includeInIndex = 0; path = Pods_ServiceTestTests.framework; sourceTree = BUILT_PRODUCTS_DIR; };
		5CD8C4BD619C85915AE3167D /* Pods-ServiceTestTests.release.xcconfig */ = {isa = PBXFileReference; includeInIndex = 1; lastKnownFileType = text.xcconfig; name = "Pods-ServiceTestTests.release.xcconfig"; path = "Target Support Files/Pods-ServiceTestTests/Pods-ServiceTestTests.release.xcconfig"; sourceTree = "<group>"; };
		777961AED023E6B6106AAD1D /* Pods-ServiceTestTests.debug.xcconfig */ = {isa = PBXFileReference; includeInIndex = 1; lastKnownFileType = text.xcconfig; name = "Pods-ServiceTestTests.debug.xcconfig"; path = "Target Support Files/Pods-ServiceTestTests/Pods-ServiceTestTests.debug.xcconfig"; sourceTree = "<group>"; };
		8259E12C234E96240055EE0D /* BatteryInfo.swift */ = {isa = PBXFileReference; lastKnownFileType = sourcecode.swift; path = BatteryInfo.swift; sourceTree = "<group>"; };
		82B2EB3B234CB9F20056B61C /* ServiceTest.app */ = {isa = PBXFileReference; explicitFileType = wrapper.application; includeInIndex = 0; path = ServiceTest.app; sourceTree = BUILT_PRODUCTS_DIR; };
		82B2EB3E234CB9F20056B61C /* AppDelegate.swift */ = {isa = PBXFileReference; lastKnownFileType = sourcecode.swift; path = AppDelegate.swift; sourceTree = "<group>"; };
		82B2EB40234CB9F20056B61C /* SceneDelegate.swift */ = {isa = PBXFileReference; lastKnownFileType = sourcecode.swift; path = SceneDelegate.swift; sourceTree = "<group>"; };
		82B2EB42234CB9F20056B61C /* ViewController.swift */ = {isa = PBXFileReference; lastKnownFileType = sourcecode.swift; path = ViewController.swift; sourceTree = "<group>"; };
		82B2EB45234CB9F20056B61C /* Base */ = {isa = PBXFileReference; lastKnownFileType = file.storyboard; name = Base; path = Base.lproj/Main.storyboard; sourceTree = "<group>"; };
		82B2EB47234CB9F30056B61C /* Assets.xcassets */ = {isa = PBXFileReference; lastKnownFileType = folder.assetcatalog; path = Assets.xcassets; sourceTree = "<group>"; };
		82B2EB4A234CB9F30056B61C /* Base */ = {isa = PBXFileReference; lastKnownFileType = file.storyboard; name = Base; path = Base.lproj/LaunchScreen.storyboard; sourceTree = "<group>"; };
		82B2EB4C234CB9F30056B61C /* Info.plist */ = {isa = PBXFileReference; lastKnownFileType = text.plist.xml; path = Info.plist; sourceTree = "<group>"; };
		82B2EB51234CB9F40056B61C /* ServiceTestTests.xctest */ = {isa = PBXFileReference; explicitFileType = wrapper.cfbundle; includeInIndex = 0; path = ServiceTestTests.xctest; sourceTree = BUILT_PRODUCTS_DIR; };
		82B2EB55234CB9F40056B61C /* ServiceTestTests.swift */ = {isa = PBXFileReference; lastKnownFileType = sourcecode.swift; path = ServiceTestTests.swift; sourceTree = "<group>"; };
		82B2EB57234CB9F40056B61C /* Info.plist */ = {isa = PBXFileReference; lastKnownFileType = text.plist.xml; path = Info.plist; sourceTree = "<group>"; };
		82B2EB5C234CB9F40056B61C /* ServiceTestUITests.xctest */ = {isa = PBXFileReference; explicitFileType = wrapper.cfbundle; includeInIndex = 0; path = ServiceTestUITests.xctest; sourceTree = BUILT_PRODUCTS_DIR; };
		82B2EB60234CB9F40056B61C /* ServiceTestUITests.swift */ = {isa = PBXFileReference; lastKnownFileType = sourcecode.swift; path = ServiceTestUITests.swift; sourceTree = "<group>"; };
		82B2EB62234CB9F40056B61C /* Info.plist */ = {isa = PBXFileReference; lastKnownFileType = text.plist.xml; path = Info.plist; sourceTree = "<group>"; };
		82B2EB6E234CBDCF0056B61C /* LoginController.swift */ = {isa = PBXFileReference; lastKnownFileType = sourcecode.swift; path = LoginController.swift; sourceTree = "<group>"; };
		82B2EB72234CDC1F0056B61C /* UsersDatabase.swift */ = {isa = PBXFileReference; lastKnownFileType = sourcecode.swift; path = UsersDatabase.swift; sourceTree = "<group>"; };
		82B2EB74234CDF340056B61C /* UserItem.swift */ = {isa = PBXFileReference; lastKnownFileType = sourcecode.swift; path = UserItem.swift; sourceTree = "<group>"; };
		82B2EB76234CF2810056B61C /* ListTableViewController.swift */ = {isa = PBXFileReference; lastKnownFileType = sourcecode.swift; path = ListTableViewController.swift; sourceTree = "<group>"; };
		82B2EB78234CF7350056B61C /* DetailViewController.swift */ = {isa = PBXFileReference; lastKnownFileType = sourcecode.swift; path = DetailViewController.swift; sourceTree = "<group>"; };
		82CE71B0234E4D1500FB43F8 /* GoogleService-Info.plist */ = {isa = PBXFileReference; fileEncoding = 4; lastKnownFileType = text.plist.xml; path = "GoogleService-Info.plist"; sourceTree = "<group>"; };
		85D58EE137A44E451B595F79 /* Pods-ServiceTest-ServiceTestUITests.debug.xcconfig */ = {isa = PBXFileReference; includeInIndex = 1; lastKnownFileType = text.xcconfig; name = "Pods-ServiceTest-ServiceTestUITests.debug.xcconfig"; path = "Target Support Files/Pods-ServiceTest-ServiceTestUITests/Pods-ServiceTest-ServiceTestUITests.debug.xcconfig"; sourceTree = "<group>"; };
		D16AB0D02DB868D5ABF991E8 /* Pods_ServiceTest.framework */ = {isa = PBXFileReference; explicitFileType = wrapper.framework; includeInIndex = 0; path = Pods_ServiceTest.framework; sourceTree = BUILT_PRODUCTS_DIR; };
		DD9F8A48DE7D20A60A30A4FB /* Pods_ServiceTest_ServiceTestUITests.framework */ = {isa = PBXFileReference; explicitFileType = wrapper.framework; includeInIndex = 0; path = Pods_ServiceTest_ServiceTestUITests.framework; sourceTree = BUILT_PRODUCTS_DIR; };
/* End PBXFileReference section */

/* Begin PBXFrameworksBuildPhase section */
		82B2EB38234CB9F20056B61C /* Frameworks */ = {
			isa = PBXFrameworksBuildPhase;
			buildActionMask = 2147483647;
			files = (
				B28593C0E1E7F332AD4CA123 /* Pods_ServiceTest.framework in Frameworks */,
			);
			runOnlyForDeploymentPostprocessing = 0;
		};
		82B2EB4E234CB9F40056B61C /* Frameworks */ = {
			isa = PBXFrameworksBuildPhase;
			buildActionMask = 2147483647;
			files = (
				9ABCDB453B92E5959432E272 /* Pods_ServiceTestTests.framework in Frameworks */,
			);
			runOnlyForDeploymentPostprocessing = 0;
		};
		82B2EB59234CB9F40056B61C /* Frameworks */ = {
			isa = PBXFrameworksBuildPhase;
			buildActionMask = 2147483647;
			files = (
				C2989A4B2CF25FE1CCAD1780 /* Pods_ServiceTest_ServiceTestUITests.framework in Frameworks */,
			);
			runOnlyForDeploymentPostprocessing = 0;
		};
/* End PBXFrameworksBuildPhase section */

/* Begin PBXGroup section */
		82B2EB32234CB9F20056B61C = {
			isa = PBXGroup;
			children = (
				82B2EB3D234CB9F20056B61C /* ServiceTest */,
				82B2EB54234CB9F40056B61C /* ServiceTestTests */,
				82B2EB5F234CB9F40056B61C /* ServiceTestUITests */,
				82B2EB3C234CB9F20056B61C /* Products */,
				9EFD4FD59551504D5DF87B16 /* Pods */,
				92A57A3D22C79F1099A05D42 /* Frameworks */,
			);
			sourceTree = "<group>";
		};
		82B2EB3C234CB9F20056B61C /* Products */ = {
			isa = PBXGroup;
			children = (
				82B2EB3B234CB9F20056B61C /* ServiceTest.app */,
				82B2EB51234CB9F40056B61C /* ServiceTestTests.xctest */,
				82B2EB5C234CB9F40056B61C /* ServiceTestUITests.xctest */,
			);
			name = Products;
			sourceTree = "<group>";
		};
		82B2EB3D234CB9F20056B61C /* ServiceTest */ = {
			isa = PBXGroup;
			children = (
				82B2EB3E234CB9F20056B61C /* AppDelegate.swift */,
				82B2EB40234CB9F20056B61C /* SceneDelegate.swift */,
				82B2EB42234CB9F20056B61C /* ViewController.swift */,
				82B2EB44234CB9F20056B61C /* Main.storyboard */,
				82B2EB47234CB9F30056B61C /* Assets.xcassets */,
				82B2EB49234CB9F30056B61C /* LaunchScreen.storyboard */,
				82B2EB4C234CB9F30056B61C /* Info.plist */,
				82CE71B0234E4D1500FB43F8 /* GoogleService-Info.plist */,
				82B2EB6E234CBDCF0056B61C /* LoginController.swift */,
				82B2EB72234CDC1F0056B61C /* UsersDatabase.swift */,
				82B2EB74234CDF340056B61C /* UserItem.swift */,
				82B2EB76234CF2810056B61C /* ListTableViewController.swift */,
				82B2EB78234CF7350056B61C /* DetailViewController.swift */,
				8259E12C234E96240055EE0D /* BatteryInfo.swift */,
			);
			path = ServiceTest;
			sourceTree = "<group>";
		};
		82B2EB54234CB9F40056B61C /* ServiceTestTests */ = {
			isa = PBXGroup;
			children = (
				82B2EB55234CB9F40056B61C /* ServiceTestTests.swift */,
				82B2EB57234CB9F40056B61C /* Info.plist */,
			);
			path = ServiceTestTests;
			sourceTree = "<group>";
		};
		82B2EB5F234CB9F40056B61C /* ServiceTestUITests */ = {
			isa = PBXGroup;
			children = (
				82B2EB60234CB9F40056B61C /* ServiceTestUITests.swift */,
				82B2EB62234CB9F40056B61C /* Info.plist */,
			);
			path = ServiceTestUITests;
			sourceTree = "<group>";
		};
		92A57A3D22C79F1099A05D42 /* Frameworks */ = {
			isa = PBXGroup;
			children = (
				D16AB0D02DB868D5ABF991E8 /* Pods_ServiceTest.framework */,
				DD9F8A48DE7D20A60A30A4FB /* Pods_ServiceTest_ServiceTestUITests.framework */,
				5468FDFCB9D6B7E5ECBBA63D /* Pods_ServiceTestTests.framework */,
			);
			name = Frameworks;
			sourceTree = "<group>";
		};
		9EFD4FD59551504D5DF87B16 /* Pods */ = {
			isa = PBXGroup;
			children = (
				39ED10DB72BA77D7159D59A5 /* Pods-ServiceTest.debug.xcconfig */,
				47D0016947E34C011F4E3B0F /* Pods-ServiceTest.release.xcconfig */,
				85D58EE137A44E451B595F79 /* Pods-ServiceTest-ServiceTestUITests.debug.xcconfig */,
				473D45E6B52506CE2A36FCDF /* Pods-ServiceTest-ServiceTestUITests.release.xcconfig */,
				777961AED023E6B6106AAD1D /* Pods-ServiceTestTests.debug.xcconfig */,
				5CD8C4BD619C85915AE3167D /* Pods-ServiceTestTests.release.xcconfig */,
			);
			path = Pods;
			sourceTree = "<group>";
		};
/* End PBXGroup section */

/* Begin PBXNativeTarget section */
		82B2EB3A234CB9F20056B61C /* ServiceTest */ = {
			isa = PBXNativeTarget;
			buildConfigurationList = 82B2EB65234CB9F40056B61C /* Build configuration list for PBXNativeTarget "ServiceTest" */;
			buildPhases = (
				16A7558214DE60459A597FFF /* [CP] Check Pods Manifest.lock */,
				82B2EB37234CB9F20056B61C /* Sources */,
				82B2EB38234CB9F20056B61C /* Frameworks */,
				82B2EB39234CB9F20056B61C /* Resources */,
				7DE9DAD8C128ABFD0FCFACF4 /* [CP] Embed Pods Frameworks */,
			);
			buildRules = (
			);
			dependencies = (
			);
			name = ServiceTest;
			productName = ServiceTest;
			productReference = 82B2EB3B234CB9F20056B61C /* ServiceTest.app */;
			productType = "com.apple.product-type.application";
		};
		82B2EB50234CB9F40056B61C /* ServiceTestTests */ = {
			isa = PBXNativeTarget;
			buildConfigurationList = 82B2EB68234CB9F40056B61C /* Build configuration list for PBXNativeTarget "ServiceTestTests" */;
			buildPhases = (
				961DCA9F83288B716CBC241A /* [CP] Check Pods Manifest.lock */,
				82B2EB4D234CB9F40056B61C /* Sources */,
				82B2EB4E234CB9F40056B61C /* Frameworks */,
				82B2EB4F234CB9F40056B61C /* Resources */,
			);
			buildRules = (
			);
			dependencies = (
				82B2EB53234CB9F40056B61C /* PBXTargetDependency */,
			);
			name = ServiceTestTests;
			productName = ServiceTestTests;
			productReference = 82B2EB51234CB9F40056B61C /* ServiceTestTests.xctest */;
			productType = "com.apple.product-type.bundle.unit-test";
		};
		82B2EB5B234CB9F40056B61C /* ServiceTestUITests */ = {
			isa = PBXNativeTarget;
			buildConfigurationList = 82B2EB6B234CB9F40056B61C /* Build configuration list for PBXNativeTarget "ServiceTestUITests" */;
			buildPhases = (
				E0C7A95593FB3411FC147A92 /* [CP] Check Pods Manifest.lock */,
				82B2EB58234CB9F40056B61C /* Sources */,
				82B2EB59234CB9F40056B61C /* Frameworks */,
				82B2EB5A234CB9F40056B61C /* Resources */,
				6496B32463C3C284FD974555 /* [CP] Embed Pods Frameworks */,
			);
			buildRules = (
			);
			dependencies = (
				82B2EB5E234CB9F40056B61C /* PBXTargetDependency */,
			);
			name = ServiceTestUITests;
			productName = ServiceTestUITests;
			productReference = 82B2EB5C234CB9F40056B61C /* ServiceTestUITests.xctest */;
			productType = "com.apple.product-type.bundle.ui-testing";
		};
/* End PBXNativeTarget section */

/* Begin PBXProject section */
		82B2EB33234CB9F20056B61C /* Project object */ = {
			isa = PBXProject;
			attributes = {
				LastSwiftUpdateCheck = 1100;
				LastUpgradeCheck = 1100;
				ORGANIZATIONNAME = "Ivan Pedrero";
				TargetAttributes = {
					82B2EB3A234CB9F20056B61C = {
						CreatedOnToolsVersion = 11.0;
					};
					82B2EB50234CB9F40056B61C = {
						CreatedOnToolsVersion = 11.0;
						TestTargetID = 82B2EB3A234CB9F20056B61C;
					};
					82B2EB5B234CB9F40056B61C = {
						CreatedOnToolsVersion = 11.0;
						TestTargetID = 82B2EB3A234CB9F20056B61C;
					};
				};
			};
			buildConfigurationList = 82B2EB36234CB9F20056B61C /* Build configuration list for PBXProject "ServiceTest" */;
			compatibilityVersion = "Xcode 9.3";
			developmentRegion = en;
			hasScannedForEncodings = 0;
			knownRegions = (
				en,
				Base,
			);
			mainGroup = 82B2EB32234CB9F20056B61C;
			productRefGroup = 82B2EB3C234CB9F20056B61C /* Products */;
			projectDirPath = "";
			projectRoot = "";
			targets = (
				82B2EB3A234CB9F20056B61C /* ServiceTest */,
				82B2EB50234CB9F40056B61C /* ServiceTestTests */,
				82B2EB5B234CB9F40056B61C /* ServiceTestUITests */,
			);
		};
/* End PBXProject section */

/* Begin PBXResourcesBuildPhase section */
		82B2EB39234CB9F20056B61C /* Resources */ = {
			isa = PBXResourcesBuildPhase;
			buildActionMask = 2147483647;
			files = (
				82B2EB4B234CB9F30056B61C /* LaunchScreen.storyboard in Resources */,
				82CE71B1234E4D1500FB43F8 /* GoogleService-Info.plist in Resources */,
				82B2EB48234CB9F30056B61C /* Assets.xcassets in Resources */,
				82B2EB46234CB9F20056B61C /* Main.storyboard in Resources */,
			);
			runOnlyForDeploymentPostprocessing = 0;
		};
		82B2EB4F234CB9F40056B61C /* Resources */ = {
			isa = PBXResourcesBuildPhase;
			buildActionMask = 2147483647;
			files = (
			);
			runOnlyForDeploymentPostprocessing = 0;
		};
		82B2EB5A234CB9F40056B61C /* Resources */ = {
			isa = PBXResourcesBuildPhase;
			buildActionMask = 2147483647;
			files = (
			);
			runOnlyForDeploymentPostprocessing = 0;
		};
/* End PBXResourcesBuildPhase section */

/* Begin PBXShellScriptBuildPhase section */
		16A7558214DE60459A597FFF /* [CP] Check Pods Manifest.lock */ = {
			isa = PBXShellScriptBuildPhase;
			buildActionMask = 2147483647;
			files = (
			);
			inputFileListPaths = (
			);
			inputPaths = (
				"${PODS_PODFILE_DIR_PATH}/Podfile.lock",
				"${PODS_ROOT}/Manifest.lock",
			);
			name = "[CP] Check Pods Manifest.lock";
			outputFileListPaths = (
			);
			outputPaths = (
				"$(DERIVED_FILE_DIR)/Pods-ServiceTest-checkManifestLockResult.txt",
			);
			runOnlyForDeploymentPostprocessing = 0;
			shellPath = /bin/sh;
			shellScript = "diff \"${PODS_PODFILE_DIR_PATH}/Podfile.lock\" \"${PODS_ROOT}/Manifest.lock\" > /dev/null\nif [ $? != 0 ] ; then\n    # print error to STDERR\n    echo \"error: The sandbox is not in sync with the Podfile.lock. Run 'pod install' or update your CocoaPods installation.\" >&2\n    exit 1\nfi\n# This output is used by Xcode 'outputs' to avoid re-running this script phase.\necho \"SUCCESS\" > \"${SCRIPT_OUTPUT_FILE_0}\"\n";
			showEnvVarsInLog = 0;
		};
		6496B32463C3C284FD974555 /* [CP] Embed Pods Frameworks */ = {
			isa = PBXShellScriptBuildPhase;
			buildActionMask = 2147483647;
			files = (
			);
			inputFileListPaths = (
				"${PODS_ROOT}/Target Support Files/Pods-ServiceTest-ServiceTestUITests/Pods-ServiceTest-ServiceTestUITests-frameworks-${CONFIGURATION}-input-files.xcfilelist",
			);
			name = "[CP] Embed Pods Frameworks";
			outputFileListPaths = (
				"${PODS_ROOT}/Target Support Files/Pods-ServiceTest-ServiceTestUITests/Pods-ServiceTest-ServiceTestUITests-frameworks-${CONFIGURATION}-output-files.xcfilelist",
			);
			runOnlyForDeploymentPostprocessing = 0;
			shellPath = /bin/sh;
			shellScript = "\"${PODS_ROOT}/Target Support Files/Pods-ServiceTest-ServiceTestUITests/Pods-ServiceTest-ServiceTestUITests-frameworks.sh\"\n";
			showEnvVarsInLog = 0;
		};
		7DE9DAD8C128ABFD0FCFACF4 /* [CP] Embed Pods Frameworks */ = {
			isa = PBXShellScriptBuildPhase;
			buildActionMask = 2147483647;
			files = (
			);
			inputFileListPaths = (
				"${PODS_ROOT}/Target Support Files/Pods-ServiceTest/Pods-ServiceTest-frameworks-${CONFIGURATION}-input-files.xcfilelist",
			);
			name = "[CP] Embed Pods Frameworks";
			outputFileListPaths = (
				"${PODS_ROOT}/Target Support Files/Pods-ServiceTest/Pods-ServiceTest-frameworks-${CONFIGURATION}-output-files.xcfilelist",
			);
			runOnlyForDeploymentPostprocessing = 0;
			shellPath = /bin/sh;
			shellScript = "\"${PODS_ROOT}/Target Support Files/Pods-ServiceTest/Pods-ServiceTest-frameworks.sh\"\n";
			showEnvVarsInLog = 0;
		};
		961DCA9F83288B716CBC241A /* [CP] Check Pods Manifest.lock */ = {
			isa = PBXShellScriptBuildPhase;
			buildActionMask = 2147483647;
			files = (
			);
			inputFileListPaths = (
			);
			inputPaths = (
				"${PODS_PODFILE_DIR_PATH}/Podfile.lock",
				"${PODS_ROOT}/Manifest.lock",
			);
			name = "[CP] Check Pods Manifest.lock";
			outputFileListPaths = (
			);
			outputPaths = (
				"$(DERIVED_FILE_DIR)/Pods-ServiceTestTests-checkManifestLockResult.txt",
			);
			runOnlyForDeploymentPostprocessing = 0;
			shellPath = /bin/sh;
			shellScript = "diff \"${PODS_PODFILE_DIR_PATH}/Podfile.lock\" \"${PODS_ROOT}/Manifest.lock\" > /dev/null\nif [ $? != 0 ] ; then\n    # print error to STDERR\n    echo \"error: The sandbox is not in sync with the Podfile.lock. Run 'pod install' or update your CocoaPods installation.\" >&2\n    exit 1\nfi\n# This output is used by Xcode 'outputs' to avoid re-running this script phase.\necho \"SUCCESS\" > \"${SCRIPT_OUTPUT_FILE_0}\"\n";
			showEnvVarsInLog = 0;
		};
		E0C7A95593FB3411FC147A92 /* [CP] Check Pods Manifest.lock */ = {
			isa = PBXShellScriptBuildPhase;
			buildActionMask = 2147483647;
			files = (
			);
			inputFileListPaths = (
			);
			inputPaths = (
				"${PODS_PODFILE_DIR_PATH}/Podfile.lock",
				"${PODS_ROOT}/Manifest.lock",
			);
			name = "[CP] Check Pods Manifest.lock";
			outputFileListPaths = (
			);
			outputPaths = (
				"$(DERIVED_FILE_DIR)/Pods-ServiceTest-ServiceTestUITests-checkManifestLockResult.txt",
			);
			runOnlyForDeploymentPostprocessing = 0;
			shellPath = /bin/sh;
			shellScript = "diff \"${PODS_PODFILE_DIR_PATH}/Podfile.lock\" \"${PODS_ROOT}/Manifest.lock\" > /dev/null\nif [ $? != 0 ] ; then\n    # print error to STDERR\n    echo \"error: The sandbox is not in sync with the Podfile.lock. Run 'pod install' or update your CocoaPods installation.\" >&2\n    exit 1\nfi\n# This output is used by Xcode 'outputs' to avoid re-running this script phase.\necho \"SUCCESS\" > \"${SCRIPT_OUTPUT_FILE_0}\"\n";
			showEnvVarsInLog = 0;
		};
/* End PBXShellScriptBuildPhase section */

/* Begin PBXSourcesBuildPhase section */
		82B2EB37234CB9F20056B61C /* Sources */ = {
			isa = PBXSourcesBuildPhase;
			buildActionMask = 2147483647;
			files = (
				82B2EB43234CB9F20056B61C /* ViewController.swift in Sources */,
				82B2EB6F234CBDCF0056B61C /* LoginController.swift in Sources */,
				8259E12D234E96240055EE0D /* BatteryInfo.swift in Sources */,
				82B2EB3F234CB9F20056B61C /* AppDelegate.swift in Sources */,
				82B2EB75234CDF340056B61C /* UserItem.swift in Sources */,
				82B2EB41234CB9F20056B61C /* SceneDelegate.swift in Sources */,
				82B2EB73234CDC1F0056B61C /* UsersDatabase.swift in Sources */,
				82B2EB77234CF2810056B61C /* ListTableViewController.swift in Sources */,
				82B2EB79234CF7350056B61C /* DetailViewController.swift in Sources */,
			);
			runOnlyForDeploymentPostprocessing = 0;
		};
		82B2EB4D234CB9F40056B61C /* Sources */ = {
			isa = PBXSourcesBuildPhase;
			buildActionMask = 2147483647;
			files = (
				82B2EB56234CB9F40056B61C /* ServiceTestTests.swift in Sources */,
			);
			runOnlyForDeploymentPostprocessing = 0;
		};
		82B2EB58234CB9F40056B61C /* Sources */ = {
			isa = PBXSourcesBuildPhase;
			buildActionMask = 2147483647;
			files = (
				82B2EB61234CB9F40056B61C /* ServiceTestUITests.swift in Sources */,
			);
			runOnlyForDeploymentPostprocessing = 0;
		};
/* End PBXSourcesBuildPhase section */

/* Begin PBXTargetDependency section */
		82B2EB53234CB9F40056B61C /* PBXTargetDependency */ = {
			isa = PBXTargetDependency;
			target = 82B2EB3A234CB9F20056B61C /* ServiceTest */;
			targetProxy = 82B2EB52234CB9F40056B61C /* PBXContainerItemProxy */;
		};
		82B2EB5E234CB9F40056B61C /* PBXTargetDependency */ = {
			isa = PBXTargetDependency;
			target = 82B2EB3A234CB9F20056B61C /* ServiceTest */;
			targetProxy = 82B2EB5D234CB9F40056B61C /* PBXContainerItemProxy */;
		};
/* End PBXTargetDependency section */

/* Begin PBXVariantGroup section */
		82B2EB44234CB9F20056B61C /* Main.storyboard */ = {
			isa = PBXVariantGroup;
			children = (
				82B2EB45234CB9F20056B61C /* Base */,
			);
			name = Main.storyboard;
			sourceTree = "<group>";
		};
		82B2EB49234CB9F30056B61C /* LaunchScreen.storyboard */ = {
			isa = PBXVariantGroup;
			children = (
				82B2EB4A234CB9F30056B61C /* Base */,
			);
			name = LaunchScreen.storyboard;
			sourceTree = "<group>";
		};
/* End PBXVariantGroup section */

/* Begin XCBuildConfiguration section */
		82B2EB63234CB9F40056B61C /* Debug */ = {
			isa = XCBuildConfiguration;
			buildSettings = {
				ALWAYS_SEARCH_USER_PATHS = NO;
				CLANG_ANALYZER_NONNULL = YES;
				CLANG_ANALYZER_NUMBER_OBJECT_CONVERSION = YES_AGGRESSIVE;
				CLANG_CXX_LANGUAGE_STANDARD = "gnu++14";
				CLANG_CXX_LIBRARY = "libc++";
				CLANG_ENABLE_MODULES = YES;
				CLANG_ENABLE_OBJC_ARC = YES;
				CLANG_ENABLE_OBJC_WEAK = YES;
				CLANG_WARN_BLOCK_CAPTURE_AUTORELEASING = YES;
				CLANG_WARN_BOOL_CONVERSION = YES;
				CLANG_WARN_COMMA = YES;
				CLANG_WARN_CONSTANT_CONVERSION = YES;
				CLANG_WARN_DEPRECATED_OBJC_IMPLEMENTATIONS = YES;
				CLANG_WARN_DIRECT_OBJC_ISA_USAGE = YES_ERROR;
				CLANG_WARN_DOCUMENTATION_COMMENTS = YES;
				CLANG_WARN_EMPTY_BODY = YES;
				CLANG_WARN_ENUM_CONVERSION = YES;
				CLANG_WARN_INFINITE_RECURSION = YES;
				CLANG_WARN_INT_CONVERSION = YES;
				CLANG_WARN_NON_LITERAL_NULL_CONVERSION = YES;
				CLANG_WARN_OBJC_IMPLICIT_RETAIN_SELF = YES;
				CLANG_WARN_OBJC_LITERAL_CONVERSION = YES;
				CLANG_WARN_OBJC_ROOT_CLASS = YES_ERROR;
				CLANG_WARN_RANGE_LOOP_ANALYSIS = YES;
				CLANG_WARN_STRICT_PROTOTYPES = YES;
				CLANG_WARN_SUSPICIOUS_MOVE = YES;
				CLANG_WARN_UNGUARDED_AVAILABILITY = YES_AGGRESSIVE;
				CLANG_WARN_UNREACHABLE_CODE = YES;
				CLANG_WARN__DUPLICATE_METHOD_MATCH = YES;
				COPY_PHASE_STRIP = NO;
				DEBUG_INFORMATION_FORMAT = dwarf;
				ENABLE_STRICT_OBJC_MSGSEND = YES;
				ENABLE_TESTABILITY = YES;
				GCC_C_LANGUAGE_STANDARD = gnu11;
				GCC_DYNAMIC_NO_PIC = NO;
				GCC_NO_COMMON_BLOCKS = YES;
				GCC_OPTIMIZATION_LEVEL = 0;
				GCC_PREPROCESSOR_DEFINITIONS = (
					"DEBUG=1",
					"$(inherited)",
				);
				GCC_WARN_64_TO_32_BIT_CONVERSION = YES;
				GCC_WARN_ABOUT_RETURN_TYPE = YES_ERROR;
				GCC_WARN_UNDECLARED_SELECTOR = YES;
				GCC_WARN_UNINITIALIZED_AUTOS = YES_AGGRESSIVE;
				GCC_WARN_UNUSED_FUNCTION = YES;
				GCC_WARN_UNUSED_VARIABLE = YES;
				IPHONEOS_DEPLOYMENT_TARGET = 13.0;
				MTL_ENABLE_DEBUG_INFO = INCLUDE_SOURCE;
				MTL_FAST_MATH = YES;
				ONLY_ACTIVE_ARCH = YES;
				SDKROOT = iphoneos;
				SWIFT_ACTIVE_COMPILATION_CONDITIONS = DEBUG;
				SWIFT_OPTIMIZATION_LEVEL = "-Onone";
			};
			name = Debug;
		};
		82B2EB64234CB9F40056B61C /* Release */ = {
			isa = XCBuildConfiguration;
			buildSettings = {
				ALWAYS_SEARCH_USER_PATHS = NO;
				CLANG_ANALYZER_NONNULL = YES;
				CLANG_ANALYZER_NUMBER_OBJECT_CONVERSION = YES_AGGRESSIVE;
				CLANG_CXX_LANGUAGE_STANDARD = "gnu++14";
				CLANG_CXX_LIBRARY = "libc++";
				CLANG_ENABLE_MODULES = YES;
				CLANG_ENABLE_OBJC_ARC = YES;
				CLANG_ENABLE_OBJC_WEAK = YES;
				CLANG_WARN_BLOCK_CAPTURE_AUTORELEASING = YES;
				CLANG_WARN_BOOL_CONVERSION = YES;
				CLANG_WARN_COMMA = YES;
				CLANG_WARN_CONSTANT_CONVERSION = YES;
				CLANG_WARN_DEPRECATED_OBJC_IMPLEMENTATIONS = YES;
				CLANG_WARN_DIRECT_OBJC_ISA_USAGE = YES_ERROR;
				CLANG_WARN_DOCUMENTATION_COMMENTS = YES;
				CLANG_WARN_EMPTY_BODY = YES;
				CLANG_WARN_ENUM_CONVERSION = YES;
				CLANG_WARN_INFINITE_RECURSION = YES;
				CLANG_WARN_INT_CONVERSION = YES;
				CLANG_WARN_NON_LITERAL_NULL_CONVERSION = YES;
				CLANG_WARN_OBJC_IMPLICIT_RETAIN_SELF = YES;
				CLANG_WARN_OBJC_LITERAL_CONVERSION = YES;
				CLANG_WARN_OBJC_ROOT_CLASS = YES_ERROR;
				CLANG_WARN_RANGE_LOOP_ANALYSIS = YES;
				CLANG_WARN_STRICT_PROTOTYPES = YES;
				CLANG_WARN_SUSPICIOUS_MOVE = YES;
				CLANG_WARN_UNGUARDED_AVAILABILITY = YES_AGGRESSIVE;
				CLANG_WARN_UNREACHABLE_CODE = YES;
				CLANG_WARN__DUPLICATE_METHOD_MATCH = YES;
				COPY_PHASE_STRIP = NO;
				DEBUG_INFORMATION_FORMAT = "dwarf-with-dsym";
				ENABLE_NS_ASSERTIONS = NO;
				ENABLE_STRICT_OBJC_MSGSEND = YES;
				GCC_C_LANGUAGE_STANDARD = gnu11;
				GCC_NO_COMMON_BLOCKS = YES;
				GCC_WARN_64_TO_32_BIT_CONVERSION = YES;
				GCC_WARN_ABOUT_RETURN_TYPE = YES_ERROR;
				GCC_WARN_UNDECLARED_SELECTOR = YES;
				GCC_WARN_UNINITIALIZED_AUTOS = YES_AGGRESSIVE;
				GCC_WARN_UNUSED_FUNCTION = YES;
				GCC_WARN_UNUSED_VARIABLE = YES;
				IPHONEOS_DEPLOYMENT_TARGET = 13.0;
				MTL_ENABLE_DEBUG_INFO = NO;
				MTL_FAST_MATH = YES;
				SDKROOT = iphoneos;
				SWIFT_COMPILATION_MODE = wholemodule;
				SWIFT_OPTIMIZATION_LEVEL = "-O";
				VALIDATE_PRODUCT = YES;
			};
			name = Release;
		};
		82B2EB66234CB9F40056B61C /* Debug */ = {
			isa = XCBuildConfiguration;
			baseConfigurationReference = 39ED10DB72BA77D7159D59A5 /* Pods-ServiceTest.debug.xcconfig */;
			buildSettings = {
				ASSETCATALOG_COMPILER_APPICON_NAME = AppIcon;
				CODE_SIGN_STYLE = Automatic;
				DEVELOPMENT_TEAM = 4BZAVK285L;
				INFOPLIST_FILE = ServiceTest/Info.plist;
				IPHONEOS_DEPLOYMENT_TARGET = 13.0;
				LD_RUNPATH_SEARCH_PATHS = (
					"$(inherited)",
					"@executable_path/Frameworks",
				);
				PRODUCT_BUNDLE_IDENTIFIER = com.IvanPedrero.ServiceTest;
				PRODUCT_NAME = "$(TARGET_NAME)";
				SWIFT_VERSION = 5.0;
				TARGETED_DEVICE_FAMILY = "1,2";
			};
			name = Debug;
		};
		82B2EB67234CB9F40056B61C /* Release */ = {
			isa = XCBuildConfiguration;
			baseConfigurationReference = 47D0016947E34C011F4E3B0F /* Pods-ServiceTest.release.xcconfig */;
			buildSettings = {
				ASSETCATALOG_COMPILER_APPICON_NAME = AppIcon;
				CODE_SIGN_STYLE = Automatic;
				DEVELOPMENT_TEAM = 4BZAVK285L;
				INFOPLIST_FILE = ServiceTest/Info.plist;
				IPHONEOS_DEPLOYMENT_TARGET = 13.0;
				LD_RUNPATH_SEARCH_PATHS = (
					"$(inherited)",
					"@executable_path/Frameworks",
				);
				PRODUCT_BUNDLE_IDENTIFIER = com.IvanPedrero.ServiceTest;
				PRODUCT_NAME = "$(TARGET_NAME)";
				SWIFT_VERSION = 5.0;
				TARGETED_DEVICE_FAMILY = "1,2";
			};
			name = Release;
		};
		82B2EB69234CB9F40056B61C /* Debug */ = {
			isa = XCBuildConfiguration;
			baseConfigurationReference = 777961AED023E6B6106AAD1D /* Pods-ServiceTestTests.debug.xcconfig */;
			buildSettings = {
				ALWAYS_EMBED_SWIFT_STANDARD_LIBRARIES = YES;
				BUNDLE_LOADER = "$(TEST_HOST)";
				CODE_SIGN_STYLE = Automatic;
				DEVELOPMENT_TEAM = 4BZAVK285L;
				INFOPLIST_FILE = ServiceTestTests/Info.plist;
				IPHONEOS_DEPLOYMENT_TARGET = 13.0;
				LD_RUNPATH_SEARCH_PATHS = (
					"$(inherited)",
					"@executable_path/Frameworks",
					"@loader_path/Frameworks",
				);
				PRODUCT_BUNDLE_IDENTIFIER = com.IvanPedrero.ServiceTestTests;
				PRODUCT_NAME = "$(TARGET_NAME)";
				SWIFT_VERSION = 5.0;
				TARGETED_DEVICE_FAMILY = "1,2";
				TEST_HOST = "$(BUILT_PRODUCTS_DIR)/ServiceTest.app/ServiceTest";
			};
			name = Debug;
		};
		82B2EB6A234CB9F40056B61C /* Release */ = {
			isa = XCBuildConfiguration;
			baseConfigurationReference = 5CD8C4BD619C85915AE3167D /* Pods-ServiceTestTests.release.xcconfig */;
			buildSettings = {
				ALWAYS_EMBED_SWIFT_STANDARD_LIBRARIES = YES;
				BUNDLE_LOADER = "$(TEST_HOST)";
				CODE_SIGN_STYLE = Automatic;
				DEVELOPMENT_TEAM = 4BZAVK285L;
				INFOPLIST_FILE = ServiceTestTests/Info.plist;
				IPHONEOS_DEPLOYMENT_TARGET = 13.0;
				LD_RUNPATH_SEARCH_PATHS = (
					"$(inherited)",
					"@executable_path/Frameworks",
					"@loader_path/Frameworks",
				);
				PRODUCT_BUNDLE_IDENTIFIER = com.IvanPedrero.ServiceTestTests;
				PRODUCT_NAME = "$(TARGET_NAME)";
				SWIFT_VERSION = 5.0;
				TARGETED_DEVICE_FAMILY = "1,2";
				TEST_HOST = "$(BUILT_PRODUCTS_DIR)/ServiceTest.app/ServiceTest";
			};
			name = Release;
		};
		82B2EB6C234CB9F40056B61C /* Debug */ = {
			isa = XCBuildConfiguration;
			baseConfigurationReference = 85D58EE137A44E451B595F79 /* Pods-ServiceTest-ServiceTestUITests.debug.xcconfig */;
			buildSettings = {
				ALWAYS_EMBED_SWIFT_STANDARD_LIBRARIES = YES;
				CODE_SIGN_STYLE = Automatic;
				DEVELOPMENT_TEAM = 4BZAVK285L;
				INFOPLIST_FILE = ServiceTestUITests/Info.plist;
				LD_RUNPATH_SEARCH_PATHS = (
					"$(inherited)",
					"@executable_path/Frameworks",
					"@loader_path/Frameworks",
				);
				PRODUCT_BUNDLE_IDENTIFIER = com.IvanPedrero.ServiceTestUITests;
				PRODUCT_NAME = "$(TARGET_NAME)";
				SWIFT_VERSION = 5.0;
				TARGETED_DEVICE_FAMILY = "1,2";
				TEST_TARGET_NAME = ServiceTest;
			};
			name = Debug;
		};
		82B2EB6D234CB9F40056B61C /* Release */ = {
			isa = XCBuildConfiguration;
			baseConfigurationReference = 473D45E6B52506CE2A36FCDF /* Pods-ServiceTest-ServiceTestUITests.release.xcconfig */;
			buildSettings = {
				ALWAYS_EMBED_SWIFT_STANDARD_LIBRARIES = YES;
				CODE_SIGN_STYLE = Automatic;
				DEVELOPMENT_TEAM = 4BZAVK285L;
				INFOPLIST_FILE = ServiceTestUITests/Info.plist;
				LD_RUNPATH_SEARCH_PATHS = (
					"$(inherited)",
					"@executable_path/Frameworks",
					"@loader_path/Frameworks",
				);
				PRODUCT_BUNDLE_IDENTIFIER = com.IvanPedrero.ServiceTestUITests;
				PRODUCT_NAME = "$(TARGET_NAME)";
				SWIFT_VERSION = 5.0;
				TARGETED_DEVICE_FAMILY = "1,2";
				TEST_TARGET_NAME = ServiceTest;
			};
			name = Release;
		};
/* End XCBuildConfiguration section */

/* Begin XCConfigurationList section */
		82B2EB36234CB9F20056B61C /* Build configuration list for PBXProject "ServiceTest" */ = {
			isa = XCConfigurationList;
			buildConfigurations = (
				82B2EB63234CB9F40056B61C /* Debug */,
				82B2EB64234CB9F40056B61C /* Release */,
			);
			defaultConfigurationIsVisible = 0;
			defaultConfigurationName = Release;
		};
		82B2EB65234CB9F40056B61C /* Build configuration list for PBXNativeTarget "ServiceTest" */ = {
			isa = XCConfigurationList;
			buildConfigurations = (
				82B2EB66234CB9F40056B61C /* Debug */,
				82B2EB67234CB9F40056B61C /* Release */,
			);
			defaultConfigurationIsVisible = 0;
			defaultConfigurationName = Release;
		};
		82B2EB68234CB9F40056B61C /* Build configuration list for PBXNativeTarget "ServiceTestTests" */ = {
			isa = XCConfigurationList;
			buildConfigurations = (
				82B2EB69234CB9F40056B61C /* Debug */,
				82B2EB6A234CB9F40056B61C /* Release */,
			);
			defaultConfigurationIsVisible = 0;
			defaultConfigurationName = Release;
		};
		82B2EB6B234CB9F40056B61C /* Build configuration list for PBXNativeTarget "ServiceTestUITests" */ = {
			isa = XCConfigurationList;
			buildConfigurations = (
				82B2EB6C234CB9F40056B61C /* Debug */,
				82B2EB6D234CB9F40056B61C /* Release */,
			);
			defaultConfigurationIsVisible = 0;
			defaultConfigurationName = Release;
		};
/* End XCConfigurationList section */
	};
	rootObject = 82B2EB33234CB9F20056B61C /* Project object */;
}
